
Microsoft Visual Studio Solution File, Format Version 12.00
# Visual Studio Version 17
VisualStudioVersion = 17.7.34031.279
MinimumVisualStudioVersion = 10.0.40219.1
Project("{FAE04EC0-301F-11D3-BF4B-00C04F79EFBC}") = "my mvp", "my mvp.csproj", "{D1AF0303-CCB8-4E32-8C2A-6069B9C4C0B2}"
EndProject
Project("{FAE04EC0-301F-11D3-BF4B-00C04F79EFBC}") = "my lib", "..\my lib\my lib.csproj", "{477594FB-47D0-4682-83D9-6727FF74EABF}"
EndProject
Project("{FAE04EC0-301F-11D3-BF4B-00C04F79EFBC}") = "UserCard", "..\WFCL\UserCard.csproj", "{75DE8017-2095-42CC-9AE7-30BDADAAEF2C}"
EndProject
Global
	GlobalSection(SolutionConfigurationPlatforms) = preSolution
		Debug|Any CPU = Debug|Any CPU
		Release|Any CPU = Release|Any CPU
	EndGlobalSection
	GlobalSection(ProjectConfigurationPlatforms) = postSolution
		{D1AF0303-CCB8-4E32-8C2A-6069B9C4C0B2}.Debug|Any CPU.ActiveCfg = Debug|Any CPU
		{D1AF0303-CCB8-4E32-8C2A-6069B9C4C0B2}.Debug|Any CPU.Build.0 = Debug|Any CPU
		{D1AF0303-CCB8-4E32-8C2A-6069B9C4C0B2}.Release|Any CPU.ActiveCfg = Release|Any CPU
		{D1AF0303-CCB8-4E32-8C2A-6069B9C4C0B2}.Release|Any CPU.Build.0 = Release|Any CPU
		{477594FB-47D0-4682-83D9-6727FF74EABF}.Debug|Any CPU.ActiveCfg = Debug|Any CPU
		{477594FB-47D0-4682-83D9-6727FF74EABF}.Debug|Any CPU.Build.0 = Debug|Any CPU
		{477594FB-47D0-4682-83D9-6727FF74EABF}.Release|Any CPU.ActiveCfg = Release|Any CPU
		{477594FB-47D0-4682-83D9-6727FF74EABF}.Release|Any CPU.Build.0 = Release|Any CPU
		{75DE8017-2095-42CC-9AE7-30BDADAAEF2C}.Debug|Any CPU.ActiveCfg = Debug|Any CPU
		{75DE8017-2095-42CC-9AE7-30BDADAAEF2C}.Debug|Any CPU.Build.0 = Debug|Any CPU
		{75DE8017-2095-42CC-9AE7-30BDADAAEF2C}.Release|Any CPU.ActiveCfg = Release|Any CPU
		{75DE8017-2095-42CC-9AE7-30BDADAAEF2C}.Release|Any CPU.Build.0 = Release|Any CPU
	EndGlobalSection
	GlobalSection(SolutionProperties) = preSolution
		HideSolutionNode = FALSE
	EndGlobalSection
	GlobalSection(ExtensibilityGlobals) = postSolution
		SolutionGuid = {FE4B99CD-5807-41FC-BEF6-EA79A9BD1D2E}
	EndGlobalSection
EndGlobal
